// !$*UTF8*$!
{
	archiveVersion = 1;
	classes = {
	};
	objectVersion = 46;
	objects = {

/* Begin PBXBuildFile section */
		362F478372F55C5A94D7538C /* libPods-vogelApp.a in Frameworks */ = {isa = PBXBuildFile; fileRef = C8ED9E5E1E7DC167545DC999 /* libPods-vogelApp.a */; };
		D197B586B9D06523F24A231B /* bird_1.wav in Resources */ = {isa = PBXBuildFile; fileRef = D197BFA8B579058551C909C7 /* bird_1.wav */; };
		D197BE18F5035012FB579F60 /* VideoPlayViewController.mm in Sources */ = {isa = PBXBuildFile; fileRef = D197B3A0F6E543EE8DEFDFA3 /* VideoPlayViewController.mm */; };
		E60DACD11A35FEFD00F4FB4E /* AVFoundation.framework in Frameworks */ = {isa = PBXBuildFile; fileRef = E60DACD01A35FEFD00F4FB4E /* AVFoundation.framework */; };
		E60DACD31A35FF8900F4FB4E /* AVKit.framework in Frameworks */ = {isa = PBXBuildFile; fileRef = E60DACD21A35FF8900F4FB4E /* AVKit.framework */; };
		E67ED30B1A1A886400A45F34 /* main.m in Sources */ = {isa = PBXBuildFile; fileRef = E67ED30A1A1A886400A45F34 /* main.m */; };
		E67ED30E1A1A886400A45F34 /* AppDelegate.m in Sources */ = {isa = PBXBuildFile; fileRef = E67ED30D1A1A886400A45F34 /* AppDelegate.m */; };
		E67ED3111A1A886400A45F34 /* RootViewController.mm in Sources */ = {isa = PBXBuildFile; fileRef = E67ED3101A1A886400A45F34 /* RootViewController.mm */; };
		E67ED3161A1A886400A45F34 /* Images.xcassets in Resources */ = {isa = PBXBuildFile; fileRef = E67ED3151A1A886400A45F34 /* Images.xcassets */; };
		E67ED3251A1A886400A45F34 /* vogelAppTests.m in Sources */ = {isa = PBXBuildFile; fileRef = E67ED3241A1A886400A45F34 /* vogelAppTests.m */; };
		E67ED32F1A1A957E00A45F34 /* MediaPlayer.framework in Frameworks */ = {isa = PBXBuildFile; fileRef = E67ED32E1A1A957E00A45F34 /* MediaPlayer.framework */; };
		E6E483A61A1BD28F0057EE69 /* LaunchScreen.xib in Resources */ = {isa = PBXBuildFile; fileRef = E6E483A41A1BD28F0057EE69 /* LaunchScreen.xib */; };
/* End PBXBuildFile section */

/* Begin PBXContainerItemProxy section */
		E67ED31F1A1A886400A45F34 /* PBXContainerItemProxy */ = {
			isa = PBXContainerItemProxy;
			containerPortal = E67ED2FD1A1A886400A45F34 /* Project object */;
			proxyType = 1;
			remoteGlobalIDString = E67ED3041A1A886400A45F34;
			remoteInfo = vogelApp;
		};
/* End PBXContainerItemProxy section */

/* Begin PBXFileReference section */
		B0C6FA692711ADBBB5F22E48 /* Pods-vogelApp.debug.xcconfig */ = {isa = PBXFileReference; includeInIndex = 1; lastKnownFileType = text.xcconfig; name = "Pods-vogelApp.debug.xcconfig"; path = "Pods/Target Support Files/Pods-vogelApp/Pods-vogelApp.debug.xcconfig"; sourceTree = "<group>"; };
		B2485F13CFDA3B0FA766E550 /* Pods-vogelApp.release.xcconfig */ = {isa = PBXFileReference; includeInIndex = 1; lastKnownFileType = text.xcconfig; name = "Pods-vogelApp.release.xcconfig"; path = "Pods/Target Support Files/Pods-vogelApp/Pods-vogelApp.release.xcconfig"; sourceTree = "<group>"; };
		C8ED9E5E1E7DC167545DC999 /* libPods-vogelApp.a */ = {isa = PBXFileReference; explicitFileType = archive.ar; includeInIndex = 0; path = "libPods-vogelApp.a"; sourceTree = BUILT_PRODUCTS_DIR; };
		D197B283950C98C24D2209A2 /* VideoPlayViewController.h */ = {isa = PBXFileReference; fileEncoding = 4; lastKnownFileType = sourcecode.c.h; path = VideoPlayViewController.h; sourceTree = "<group>"; };
		D197B3A0F6E543EE8DEFDFA3 /* VideoPlayViewController.mm */ = {isa = PBXFileReference; fileEncoding = 4; lastKnownFileType = sourcecode.cpp.objcpp; path = VideoPlayViewController.mm; sourceTree = "<group>"; };
		D197BFA8B579058551C909C7 /* bird_1.wav */ = {isa = PBXFileReference; lastKnownFileType = audio.wav; path = bird_1.wav; sourceTree = "<group>"; };
		E60DACD01A35FEFD00F4FB4E /* AVFoundation.framework */ = {isa = PBXFileReference; lastKnownFileType = wrapper.framework; name = AVFoundation.framework; path = System/Library/Frameworks/AVFoundation.framework; sourceTree = SDKROOT; };
		E60DACD21A35FF8900F4FB4E /* AVKit.framework */ = {isa = PBXFileReference; lastKnownFileType = wrapper.framework; name = AVKit.framework; path = System/Library/Frameworks/AVKit.framework; sourceTree = SDKROOT; };
		E67ED3051A1A886400A45F34 /* vogelApp.app */ = {isa = PBXFileReference; explicitFileType = wrapper.application; includeInIndex = 0; path = vogelApp.app; sourceTree = BUILT_PRODUCTS_DIR; };
		E67ED3091A1A886400A45F34 /* Info.plist */ = {isa = PBXFileReference; lastKnownFileType = text.plist.xml; path = Info.plist; sourceTree = "<group>"; };
		E67ED30A1A1A886400A45F34 /* main.m */ = {isa = PBXFileReference; lastKnownFileType = sourcecode.c.objc; path = main.m; sourceTree = "<group>"; };
		E67ED30C1A1A886400A45F34 /* AppDelegate.h */ = {isa = PBXFileReference; lastKnownFileType = sourcecode.c.h; path = AppDelegate.h; sourceTree = "<group>"; };
		E67ED30D1A1A886400A45F34 /* AppDelegate.m */ = {isa = PBXFileReference; lastKnownFileType = sourcecode.c.objc; path = AppDelegate.m; sourceTree = "<group>"; };
		E67ED30F1A1A886400A45F34 /* RootViewController.h */ = {isa = PBXFileReference; lastKnownFileType = sourcecode.c.h; path = RootViewController.h; sourceTree = "<group>"; };
		E67ED3101A1A886400A45F34 /* RootViewController.mm */ = {isa = PBXFileReference; lastKnownFileType = sourcecode.cpp.objcpp; path = RootViewController.mm; sourceTree = "<group>"; };
		E67ED3151A1A886400A45F34 /* Images.xcassets */ = {isa = PBXFileReference; lastKnownFileType = folder.assetcatalog; path = Images.xcassets; sourceTree = "<group>"; };
		E67ED31E1A1A886400A45F34 /* vogelAppTests.xctest */ = {isa = PBXFileReference; explicitFileType = wrapper.cfbundle; includeInIndex = 0; path = vogelAppTests.xctest; sourceTree = BUILT_PRODUCTS_DIR; };
		E67ED3231A1A886400A45F34 /* Info.plist */ = {isa = PBXFileReference; lastKnownFileType = text.plist.xml; path = Info.plist; sourceTree = "<group>"; };
		E67ED3241A1A886400A45F34 /* vogelAppTests.m */ = {isa = PBXFileReference; lastKnownFileType = sourcecode.c.objc; path = vogelAppTests.m; sourceTree = "<group>"; };
		E67ED32E1A1A957E00A45F34 /* MediaPlayer.framework */ = {isa = PBXFileReference; lastKnownFileType = wrapper.framework; name = MediaPlayer.framework; path = System/Library/Frameworks/MediaPlayer.framework; sourceTree = SDKROOT; };
		E6E483A51A1BD28F0057EE69 /* Base */ = {isa = PBXFileReference; lastKnownFileType = file.xib; name = Base; path = Base.lproj/LaunchScreen.xib; sourceTree = "<group>"; };
/* End PBXFileReference section */

/* Begin PBXFrameworksBuildPhase section */
		E67ED3021A1A886400A45F34 /* Frameworks */ = {
			isa = PBXFrameworksBuildPhase;
			buildActionMask = 2147483647;
			files = (
				E60DACD31A35FF8900F4FB4E /* AVKit.framework in Frameworks */,
				E60DACD11A35FEFD00F4FB4E /* AVFoundation.framework in Frameworks */,
				E67ED32F1A1A957E00A45F34 /* MediaPlayer.framework in Frameworks */,
				362F478372F55C5A94D7538C /* libPods-vogelApp.a in Frameworks */,
			);
			runOnlyForDeploymentPostprocessing = 0;
		};
		E67ED31B1A1A886400A45F34 /* Frameworks */ = {
			isa = PBXFrameworksBuildPhase;
			buildActionMask = 2147483647;
			files = (
			);
			runOnlyForDeploymentPostprocessing = 0;
		};
/* End PBXFrameworksBuildPhase section */

/* Begin PBXGroup section */
		0CE2730B392F7976FEB240BB /* Frameworks */ = {
			isa = PBXGroup;
			children = (
				E60DACD21A35FF8900F4FB4E /* AVKit.framework */,
				E60DACD01A35FEFD00F4FB4E /* AVFoundation.framework */,
				C8ED9E5E1E7DC167545DC999 /* libPods-vogelApp.a */,
			);
			name = Frameworks;
			sourceTree = "<group>";
		};
		84484C01E6F1A124DDFDEFC0 /* Pods */ = {
			isa = PBXGroup;
			children = (
				B0C6FA692711ADBBB5F22E48 /* Pods-vogelApp.debug.xcconfig */,
				B2485F13CFDA3B0FA766E550 /* Pods-vogelApp.release.xcconfig */,
			);
			name = Pods;
			sourceTree = "<group>";
		};
		E67ED2FC1A1A886400A45F34 = {
			isa = PBXGroup;
			children = (
				E67ED32E1A1A957E00A45F34 /* MediaPlayer.framework */,
				E67ED3071A1A886400A45F34 /* vogelApp */,
				E67ED3211A1A886400A45F34 /* vogelAppTests */,
				E67ED3061A1A886400A45F34 /* Products */,
				84484C01E6F1A124DDFDEFC0 /* Pods */,
				0CE2730B392F7976FEB240BB /* Frameworks */,
			);
			sourceTree = "<group>";
		};
		E67ED3061A1A886400A45F34 /* Products */ = {
			isa = PBXGroup;
			children = (
				E67ED3051A1A886400A45F34 /* vogelApp.app */,
				E67ED31E1A1A886400A45F34 /* vogelAppTests.xctest */,
			);
			name = Products;
			sourceTree = "<group>";
		};
		E67ED3071A1A886400A45F34 /* vogelApp */ = {
			isa = PBXGroup;
			children = (
				E67ED30C1A1A886400A45F34 /* AppDelegate.h */,
				E67ED30D1A1A886400A45F34 /* AppDelegate.m */,
				E67ED30F1A1A886400A45F34 /* RootViewController.h */,
				E67ED3101A1A886400A45F34 /* RootViewController.mm */,
				E6E483A41A1BD28F0057EE69 /* LaunchScreen.xib */,
				E67ED3151A1A886400A45F34 /* Images.xcassets */,
				E67ED3081A1A886400A45F34 /* Supporting Files */,
				D197B3A0F6E543EE8DEFDFA3 /* VideoPlayViewController.mm */,
				D197B283950C98C24D2209A2 /* VideoPlayViewController.h */,
				D197BFA8B579058551C909C7 /* bird_1.wav */,
			);
			path = vogelApp;
			sourceTree = "<group>";
		};
		E67ED3081A1A886400A45F34 /* Supporting Files */ = {
			isa = PBXGroup;
			children = (
				E67ED3091A1A886400A45F34 /* Info.plist */,
				E67ED30A1A1A886400A45F34 /* main.m */,
			);
			name = "Supporting Files";
			sourceTree = "<group>";
		};
		E67ED3211A1A886400A45F34 /* vogelAppTests */ = {
			isa = PBXGroup;
			children = (
				E67ED3241A1A886400A45F34 /* vogelAppTests.m */,
				E67ED3221A1A886400A45F34 /* Supporting Files */,
			);
			path = vogelAppTests;
			sourceTree = "<group>";
		};
		E67ED3221A1A886400A45F34 /* Supporting Files */ = {
			isa = PBXGroup;
			children = (
				E67ED3231A1A886400A45F34 /* Info.plist */,
			);
			name = "Supporting Files";
			sourceTree = "<group>";
		};
/* End PBXGroup section */

/* Begin PBXNativeTarget section */
		E67ED3041A1A886400A45F34 /* vogelApp */ = {
			isa = PBXNativeTarget;
			buildConfigurationList = E67ED3281A1A886400A45F34 /* Build configuration list for PBXNativeTarget "vogelApp" */;
			buildPhases = (
				4204CF52A144CE4A30CFF4C3 /* Check Pods Manifest.lock */,
				E67ED3011A1A886400A45F34 /* Sources */,
				E67ED3021A1A886400A45F34 /* Frameworks */,
				E67ED3031A1A886400A45F34 /* Resources */,
				B4BC9481EFD1F95BADB7154F /* Copy Pods Resources */,
			);
			buildRules = (
			);
			dependencies = (
			);
			name = vogelApp;
			productName = vogelApp;
			productReference = E67ED3051A1A886400A45F34 /* vogelApp.app */;
			productType = "com.apple.product-type.application";
		};
		E67ED31D1A1A886400A45F34 /* vogelAppTests */ = {
			isa = PBXNativeTarget;
			buildConfigurationList = E67ED32B1A1A886400A45F34 /* Build configuration list for PBXNativeTarget "vogelAppTests" */;
			buildPhases = (
				E67ED31A1A1A886400A45F34 /* Sources */,
				E67ED31B1A1A886400A45F34 /* Frameworks */,
				E67ED31C1A1A886400A45F34 /* Resources */,
			);
			buildRules = (
			);
			dependencies = (
				E67ED3201A1A886400A45F34 /* PBXTargetDependency */,
			);
			name = vogelAppTests;
			productName = vogelAppTests;
			productReference = E67ED31E1A1A886400A45F34 /* vogelAppTests.xctest */;
			productType = "com.apple.product-type.bundle.unit-test";
		};
/* End PBXNativeTarget section */

/* Begin PBXProject section */
		E67ED2FD1A1A886400A45F34 /* Project object */ = {
			isa = PBXProject;
			attributes = {
				LastUpgradeCheck = 0610;
				ORGANIZATIONNAME = marijn;
				TargetAttributes = {
					E67ED3041A1A886400A45F34 = {
						CreatedOnToolsVersion = 6.1;
					};
					E67ED31D1A1A886400A45F34 = {
						CreatedOnToolsVersion = 6.1;
						TestTargetID = E67ED3041A1A886400A45F34;
					};
				};
			};
			buildConfigurationList = E67ED3001A1A886400A45F34 /* Build configuration list for PBXProject "vogelApp" */;
			compatibilityVersion = "Xcode 3.2";
			developmentRegion = English;
			hasScannedForEncodings = 0;
			knownRegions = (
				en,
				Base,
			);
			mainGroup = E67ED2FC1A1A886400A45F34;
			productRefGroup = E67ED3061A1A886400A45F34 /* Products */;
			projectDirPath = "";
			projectRoot = "";
			targets = (
				E67ED3041A1A886400A45F34 /* vogelApp */,
				E67ED31D1A1A886400A45F34 /* vogelAppTests */,
			);
		};
/* End PBXProject section */

/* Begin PBXResourcesBuildPhase section */
		E67ED3031A1A886400A45F34 /* Resources */ = {
			isa = PBXResourcesBuildPhase;
			buildActionMask = 2147483647;
			files = (
				E6E483A61A1BD28F0057EE69 /* LaunchScreen.xib in Resources */,
				E67ED3161A1A886400A45F34 /* Images.xcassets in Resources */,
				D197B586B9D06523F24A231B /* bird_1.wav in Resources */,
			);
			runOnlyForDeploymentPostprocessing = 0;
		};
		E67ED31C1A1A886400A45F34 /* Resources */ = {
			isa = PBXResourcesBuildPhase;
			buildActionMask = 2147483647;
			files = (
			);
			runOnlyForDeploymentPostprocessing = 0;
		};
/* End PBXResourcesBuildPhase section */

/* Begin PBXShellScriptBuildPhase section */
		4204CF52A144CE4A30CFF4C3 /* Check Pods Manifest.lock */ = {
			isa = PBXShellScriptBuildPhase;
			buildActionMask = 2147483647;
			files = (
			);
			inputPaths = (
			);
			name = "Check Pods Manifest.lock";
			outputPaths = (
			);
			runOnlyForDeploymentPostprocessing = 0;
			shellPath = /bin/sh;
			shellScript = "diff \"${PODS_ROOT}/../Podfile.lock\" \"${PODS_ROOT}/Manifest.lock\" > /dev/null\nif [[ $? != 0 ]] ; then\n    cat << EOM\nerror: The sandbox is not in sync with the Podfile.lock. Run 'pod install' or update your CocoaPods installation.\nEOM\n    exit 1\nfi\n";
			showEnvVarsInLog = 0;
		};
		B4BC9481EFD1F95BADB7154F /* Copy Pods Resources */ = {
			isa = PBXShellScriptBuildPhase;
			buildActionMask = 2147483647;
			files = (
			);
			inputPaths = (
			);
			name = "Copy Pods Resources";
			outputPaths = (
			);
			runOnlyForDeploymentPostprocessing = 0;
			shellPath = /bin/sh;
			shellScript = "\"${SRCROOT}/Pods/Target Support Files/Pods-vogelApp/Pods-vogelApp-resources.sh\"\n";
			showEnvVarsInLog = 0;
		};
/* End PBXShellScriptBuildPhase section */

/* Begin PBXSourcesBuildPhase section */
		E67ED3011A1A886400A45F34 /* Sources */ = {
			isa = PBXSourcesBuildPhase;
			buildActionMask = 2147483647;
			files = (
				E67ED3111A1A886400A45F34 /* RootViewController.mm in Sources */,
				E67ED30E1A1A886400A45F34 /* AppDelegate.m in Sources */,
				E67ED30B1A1A886400A45F34 /* main.m in Sources */,
				D197BE18F5035012FB579F60 /* VideoPlayViewController.mm in Sources */,
			);
			runOnlyForDeploymentPostprocessing = 0;
		};
		E67ED31A1A1A886400A45F34 /* Sources */ = {
			isa = PBXSourcesBuildPhase;
			buildActionMask = 2147483647;
			files = (
				E67ED3251A1A886400A45F34 /* vogelAppTests.m in Sources */,
			);
			runOnlyForDeploymentPostprocessing = 0;
		};
/* End PBXSourcesBuildPhase section */

/* Begin PBXTargetDependency section */
		E67ED3201A1A886400A45F34 /* PBXTargetDependency */ = {
			isa = PBXTargetDependency;
			target = E67ED3041A1A886400A45F34 /* vogelApp */;
			targetProxy = E67ED31F1A1A886400A45F34 /* PBXContainerItemProxy */;
		};
/* End PBXTargetDependency section */

/* Begin PBXVariantGroup section */
		E6E483A41A1BD28F0057EE69 /* LaunchScreen.xib */ = {
			isa = PBXVariantGroup;
			children = (
				E6E483A51A1BD28F0057EE69 /* Base */,
			);
			name = LaunchScreen.xib;
			sourceTree = "<group>";
		};
/* End PBXVariantGroup section */

/* Begin XCBuildConfiguration section */
		E67ED3261A1A886400A45F34 /* Debug */ = {
			isa = XCBuildConfiguration;
			buildSettings = {
				ALWAYS_SEARCH_USER_PATHS = NO;
				CLANG_CXX_LANGUAGE_STANDARD = "gnu++0x";
				CLANG_CXX_LIBRARY = "libc++";
				CLANG_ENABLE_MODULES = YES;
				CLANG_ENABLE_OBJC_ARC = YES;
				CLANG_WARN_BOOL_CONVERSION = YES;
				CLANG_WARN_CONSTANT_CONVERSION = YES;
				CLANG_WARN_DIRECT_OBJC_ISA_USAGE = YES_ERROR;
				CLANG_WARN_EMPTY_BODY = YES;
				CLANG_WARN_ENUM_CONVERSION = YES;
				CLANG_WARN_INT_CONVERSION = YES;
				CLANG_WARN_OBJC_ROOT_CLASS = YES_ERROR;
				CLANG_WARN_UNREACHABLE_CODE = YES;
				CLANG_WARN__DUPLICATE_METHOD_MATCH = YES;
				"CODE_SIGN_IDENTITY[sdk=iphoneos*]" = "iPhone Developer";
				COPY_PHASE_STRIP = NO;
				ENABLE_STRICT_OBJC_MSGSEND = YES;
				GCC_C_LANGUAGE_STANDARD = gnu99;
				GCC_DYNAMIC_NO_PIC = NO;
				GCC_OPTIMIZATION_LEVEL = 0;
				GCC_PREPROCESSOR_DEFINITIONS = (
					"DEBUG=1",
					"$(inherited)",
				);
				GCC_SYMBOLS_PRIVATE_EXTERN = NO;
				GCC_WARN_64_TO_32_BIT_CONVERSION = YES;
				GCC_WARN_ABOUT_RETURN_TYPE = YES_ERROR;
				GCC_WARN_UNDECLARED_SELECTOR = YES;
				GCC_WARN_UNINITIALIZED_AUTOS = YES_AGGRESSIVE;
				GCC_WARN_UNUSED_FUNCTION = YES;
				GCC_WARN_UNUSED_VARIABLE = YES;
				IPHONEOS_DEPLOYMENT_TARGET = 8.1;
				MTL_ENABLE_DEBUG_INFO = YES;
				ONLY_ACTIVE_ARCH = YES;
				SDKROOT = iphoneos;
			};
			name = Debug;
		};
		E67ED3271A1A886400A45F34 /* Release */ = {
			isa = XCBuildConfiguration;
			buildSettings = {
				ALWAYS_SEARCH_USER_PATHS = NO;
				CLANG_CXX_LANGUAGE_STANDARD = "gnu++0x";
				CLANG_CXX_LIBRARY = "libc++";
				CLANG_ENABLE_MODULES = YES;
				CLANG_ENABLE_OBJC_ARC = YES;
				CLANG_WARN_BOOL_CONVERSION = YES;
				CLANG_WARN_CONSTANT_CONVERSION = YES;
				CLANG_WARN_DIRECT_OBJC_ISA_USAGE = YES_ERROR;
				CLANG_WARN_EMPTY_BODY = YES;
				CLANG_WARN_ENUM_CONVERSION = YES;
				CLANG_WARN_INT_CONVERSION = YES;
				CLANG_WARN_OBJC_ROOT_CLASS = YES_ERROR;
				CLANG_WARN_UNREACHABLE_CODE = YES;
				CLANG_WARN__DUPLICATE_METHOD_MATCH = YES;
				"CODE_SIGN_IDENTITY[sdk=iphoneos*]" = "iPhone Developer";
				COPY_PHASE_STRIP = YES;
				ENABLE_NS_ASSERTIONS = NO;
				ENABLE_STRICT_OBJC_MSGSEND = YES;
				GCC_C_LANGUAGE_STANDARD = gnu99;
				GCC_WARN_64_TO_32_BIT_CONVERSION = YES;
				GCC_WARN_ABOUT_RETURN_TYPE = YES_ERROR;
				GCC_WARN_UNDECLARED_SELECTOR = YES;
				GCC_WARN_UNINITIALIZED_AUTOS = YES_AGGRESSIVE;
				GCC_WARN_UNUSED_FUNCTION = YES;
				GCC_WARN_UNUSED_VARIABLE = YES;
				IPHONEOS_DEPLOYMENT_TARGET = 8.1;
				MTL_ENABLE_DEBUG_INFO = NO;
				SDKROOT = iphoneos;
				VALIDATE_PRODUCT = YES;
			};
			name = Release;
		};
		E67ED3291A1A886400A45F34 /* Debug */ = {
			isa = XCBuildConfiguration;
			baseConfigurationReference = B0C6FA692711ADBBB5F22E48 /* Pods-vogelApp.debug.xcconfig */;
			buildSettings = {
				ASSETCATALOG_COMPILER_APPICON_NAME = AppIcon;
				INFOPLIST_FILE = vogelApp/Info.plist;
				LD_RUNPATH_SEARCH_PATHS = "$(inherited) @executable_path/Frameworks";
				PRODUCT_NAME = "$(TARGET_NAME)";
				USER_HEADER_SEARCH_PATHS = "\"${PROJECT_DIR}/Pods\"/**";
			};
			name = Debug;
		};
		E67ED32A1A1A886400A45F34 /* Release */ = {
			isa = XCBuildConfiguration;
			baseConfigurationReference = B2485F13CFDA3B0FA766E550 /* Pods-vogelApp.release.xcconfig */;
			buildSettings = {
				ASSETCATALOG_COMPILER_APPICON_NAME = AppIcon;
				INFOPLIST_FILE = vogelApp/Info.plist;
				LD_RUNPATH_SEARCH_PATHS = "$(inherited) @executable_path/Frameworks";
				PRODUCT_NAME = "$(TARGET_NAME)";
				USER_HEADER_SEARCH_PATHS = "\"${PROJECT_DIR}/Pods\"/**";
			};
			name = Release;
		};
		E67ED32C1A1A886400A45F34 /* Debug */ = {
			isa = XCBuildConfiguration;
			buildSettings = {
				BUNDLE_LOADER = "$(TEST_HOST)";
				FRAMEWORK_SEARCH_PATHS = (
					"$(SDKROOT)/Developer/Library/Frameworks",
					"$(inherited)",
				);
				GCC_PREPROCESSOR_DEFINITIONS = (
					"DEBUG=1",
					"$(inherited)",
				);
				INFOPLIST_FILE = vogelAppTests/Info.plist;
				LD_RUNPATH_SEARCH_PATHS = "$(inherited) @executable_path/Frameworks @loader_path/Frameworks";
				PRODUCT_NAME = "$(TARGET_NAME)";
				TEST_HOST = "$(BUILT_PRODUCTS_DIR)/vogelApp.app/vogelApp";
			};
			name = Debug;
		};
		E67ED32D1A1A886400A45F34 /* Release */ = {
			isa = XCBuildConfiguration;
			buildSettings = {
				BUNDLE_LOADER = "$(TEST_HOST)";
				FRAMEWORK_SEARCH_PATHS = (
					"$(SDKROOT)/Developer/Library/Frameworks",
					"$(inherited)",
				);
				INFOPLIST_FILE = vogelAppTests/Info.plist;
				LD_RUNPATH_SEARCH_PATHS = "$(inherited) @executable_path/Frameworks @loader_path/Frameworks";
				PRODUCT_NAME = "$(TARGET_NAME)";
				TEST_HOST = "$(BUILT_PRODUCTS_DIR)/vogelApp.app/vogelApp";
			};
			name = Release;
		};
/* End XCBuildConfiguration section */

/* Begin XCConfigurationList section */
		E67ED3001A1A886400A45F34 /* Build configuration list for PBXProject "vogelApp" */ = {
			isa = XCConfigurationList;
			buildConfigurations = (
				E67ED3261A1A886400A45F34 /* Debug */,
				E67ED3271A1A886400A45F34 /* Release */,
			);
			defaultConfigurationIsVisible = 0;
			defaultConfigurationName = Release;
		};
		E67ED3281A1A886400A45F34 /* Build configuration list for PBXNativeTarget "vogelApp" */ = {
			isa = XCConfigurationList;
			buildConfigurations = (
				E67ED3291A1A886400A45F34 /* Debug */,
				E67ED32A1A1A886400A45F34 /* Release */,
			);
			defaultConfigurationIsVisible = 0;
			defaultConfigurationName = Release;
		};
		E67ED32B1A1A886400A45F34 /* Build configuration list for PBXNativeTarget "vogelAppTests" */ = {
			isa = XCConfigurationList;
			buildConfigurations = (
				E67ED32C1A1A886400A45F34 /* Debug */,
				E67ED32D1A1A886400A45F34 /* Release */,
			);
			defaultConfigurationIsVisible = 0;
			defaultConfigurationName = Release;
		};
/* End XCConfigurationList section */
	};
	rootObject = E67ED2FD1A1A886400A45F34 /* Project object */;
}
